
Microsoft Visual Studio Solution File, Format Version 12.00
# Visual Studio 15
VisualStudioVersion = 15.0.28307.902
MinimumVisualStudioVersion = 10.0.40219.1
Project("{8BC9CEB8-8B4A-11D0-8D11-00A0C91BC942}") = "1.Window", "1.Window\1.Window.vcxproj", "{631A7441-1F0B-43F2-9139-70BDFD3494CF}"
	ProjectSection(ProjectDependencies) = postProject
		{6C9F4FA4-801C-4DA0-989E-A0CD0188CF63} = {6C9F4FA4-801C-4DA0-989E-A0CD0188CF63}
	EndProjectSection
EndProject
Project("{8BC9CEB8-8B4A-11D0-8D11-00A0C91BC942}") = "Platform", "Platform\Platform.vcxproj", "{6C9F4FA4-801C-4DA0-989E-A0CD0188CF63}"
	ProjectSection(ProjectDependencies) = postProject
		{DD7FB18E-EF21-3FB6-81F6-7CA6E804F106} = {DD7FB18E-EF21-3FB6-81F6-7CA6E804F106}
		{E26B6DA3-110F-30F0-BD05-250B160DC7CB} = {E26B6DA3-110F-30F0-BD05-250B160DC7CB}
		{FC37C4F9-286B-3AF1-97DD-85D587A7EE83} = {FC37C4F9-286B-3AF1-97DD-85D587A7EE83}
	EndProjectSection
EndProject
Project("{8BC9CEB8-8B4A-11D0-8D11-00A0C91BC942}") = "2.CreateDevice", "2.CreateDevice\2.CreateDevice.vcxproj", "{421FB052-FC1D-4B0B-9A4E-EF1C0AF08362}"
	ProjectSection(ProjectDependencies) = postProject
		{6C9F4FA4-801C-4DA0-989E-A0CD0188CF63} = {6C9F4FA4-801C-4DA0-989E-A0CD0188CF63}
	EndProjectSection
EndProject
Project("{8BC9CEB8-8B4A-11D0-8D11-00A0C91BC942}") = "3.Triangle", "3.Triangle\3.Triangle.vcxproj", "{EDB55556-89B8-4C6B-8829-9580E61232F9}"
	ProjectSection(ProjectDependencies) = postProject
		{6C9F4FA4-801C-4DA0-989E-A0CD0188CF63} = {6C9F4FA4-801C-4DA0-989E-A0CD0188CF63}
	EndProjectSection
EndProject
Project("{8BC9CEB8-8B4A-11D0-8D11-00A0C91BC942}") = "4.Camera", "4.Camera\4.Camera.vcxproj", "{781AB246-8287-40C1-BD8E-0130B0B929F1}"
	ProjectSection(ProjectDependencies) = postProject
		{6C9F4FA4-801C-4DA0-989E-A0CD0188CF63} = {6C9F4FA4-801C-4DA0-989E-A0CD0188CF63}
	EndProjectSection
EndProject
Project("{8BC9CEB8-8B4A-11D0-8D11-00A0C91BC942}") = "5.DepthBuffer", "5.DepthBuffer\5.DepthBuffer.vcxproj", "{F3901102-A9DE-4A21-A9C0-CA6F7DB62C3B}"
	ProjectSection(ProjectDependencies) = postProject
		{6C9F4FA4-801C-4DA0-989E-A0CD0188CF63} = {6C9F4FA4-801C-4DA0-989E-A0CD0188CF63}
	EndProjectSection
EndProject
Project("{2150E333-8FDC-42A3-9474-1A3956D46DE8}") = "thirdparty", "thirdparty", "{8392D960-0DD3-4AE8-AD5D-8D3192589647}"
EndProject
Project("{8BC9CEB8-8B4A-11D0-8D11-00A0C91BC942}") = "png", "thirdparty\libpng\png.vcxproj", "{E26B6DA3-110F-30F0-BD05-250B160DC7CB}"
	ProjectSection(ProjectDependencies) = postProject
		{FC37C4F9-286B-3AF1-97DD-85D587A7EE83} = {FC37C4F9-286B-3AF1-97DD-85D587A7EE83}
	EndProjectSection
EndProject
Project("{8BC9CEB8-8B4A-11D0-8D11-00A0C91BC942}") = "zlib", "thirdparty\zlib\zlib.vcxproj", "{FC37C4F9-286B-3AF1-97DD-85D587A7EE83}"
EndProject
Project("{8BC9CEB8-8B4A-11D0-8D11-00A0C91BC942}") = "6.Textures", "6.Textures\6.Textures.vcxproj", "{683B6D6C-2526-4DE2-96DE-F1B4C8922AAE}"
	ProjectSection(ProjectDependencies) = postProject
		{E26B6DA3-110F-30F0-BD05-250B160DC7CB} = {E26B6DA3-110F-30F0-BD05-250B160DC7CB}
		{6C9F4FA4-801C-4DA0-989E-A0CD0188CF63} = {6C9F4FA4-801C-4DA0-989E-A0CD0188CF63}
	EndProjectSection
EndProject
Project("{8BC9CEB8-8B4A-11D0-8D11-00A0C91BC942}") = "7.TextOutput", "7.TextOutput\7.TextOutput.vcxproj", "{A9DED926-D885-40B8-9DAE-B8B3EC4235D9}"
	ProjectSection(ProjectDependencies) = postProject
		{DD7FB18E-EF21-3FB6-81F6-7CA6E804F106} = {DD7FB18E-EF21-3FB6-81F6-7CA6E804F106}
		{6C9F4FA4-801C-4DA0-989E-A0CD0188CF63} = {6C9F4FA4-801C-4DA0-989E-A0CD0188CF63}
	EndProjectSection
EndProject
Project("{8BC9CEB8-8B4A-11D0-8D11-00A0C91BC942}") = "freetype", "thirdparty\freetype2\freetype.vcxproj", "{DD7FB18E-EF21-3FB6-81F6-7CA6E804F106}"
EndProject
Project("{8BC9CEB8-8B4A-11D0-8D11-00A0C91BC942}") = "8.SimpleLighting", "8.SimpleLighting\8.SimpleLighting.vcxproj", "{FF3196A0-747B-4A31-A6BC-FA7ED5F202F9}"
	ProjectSection(ProjectDependencies) = postProject
		{6C9F4FA4-801C-4DA0-989E-A0CD0188CF63} = {6C9F4FA4-801C-4DA0-989E-A0CD0188CF63}
	EndProjectSection
EndProject
Project("{8BC9CEB8-8B4A-11D0-8D11-00A0C91BC942}") = "a1.HDR", "a1.HDR\a1.HDR.vcxproj", "{89A8EABD-CE1E-4FF4-924E-89CFF6AD0BD0}"
	ProjectSection(ProjectDependencies) = postProject
		{DD7FB18E-EF21-3FB6-81F6-7CA6E804F106} = {DD7FB18E-EF21-3FB6-81F6-7CA6E804F106}
		{6C9F4FA4-801C-4DA0-989E-A0CD0188CF63} = {6C9F4FA4-801C-4DA0-989E-A0CD0188CF63}
	EndProjectSection
EndProject
Project("{8BC9CEB8-8B4A-11D0-8D11-00A0C91BC942}") = "a2.PBR", "a2.PBR\a2.PBR.vcxproj", "{0EA96D73-CF08-489D-8BDE-CDC32FD8554B}"
	ProjectSection(ProjectDependencies) = postProject
		{DD7FB18E-EF21-3FB6-81F6-7CA6E804F106} = {DD7FB18E-EF21-3FB6-81F6-7CA6E804F106}
		{E26B6DA3-110F-30F0-BD05-250B160DC7CB} = {E26B6DA3-110F-30F0-BD05-250B160DC7CB}
		{6C9F4FA4-801C-4DA0-989E-A0CD0188CF63} = {6C9F4FA4-801C-4DA0-989E-A0CD0188CF63}
	EndProjectSection
EndProject
Project("{8BC9CEB8-8B4A-11D0-8D11-00A0C91BC942}") = "imgui", "thirdparty\imgui\imgui.vcxproj", "{D29D006A-1FC8-4000-944C-4699CD6F5107}"
EndProject
Project("{8BC9CEB8-8B4A-11D0-8D11-00A0C91BC942}") = "a3.GLTF", "a3.GLTF\a3.GLTF.vcxproj", "{C091A00B-2EE1-429D-B883-F5AF32C936EE}"
	ProjectSection(ProjectDependencies) = postProject
		{D29D006A-1FC8-4000-944C-4699CD6F5107} = {D29D006A-1FC8-4000-944C-4699CD6F5107}
		{DD7FB18E-EF21-3FB6-81F6-7CA6E804F106} = {DD7FB18E-EF21-3FB6-81F6-7CA6E804F106}
		{6C9F4FA4-801C-4DA0-989E-A0CD0188CF63} = {6C9F4FA4-801C-4DA0-989E-A0CD0188CF63}
	EndProjectSection
EndProject
Project("{8BC9CEB8-8B4A-11D0-8D11-00A0C91BC942}") = "a4.Scene", "a4.Scene\a4.Scene.vcxproj", "{DE20E620-23CC-4780-8AFC-61518A56DCF5}"
	ProjectSection(ProjectDependencies) = postProject
		{6C9F4FA4-801C-4DA0-989E-A0CD0188CF63} = {6C9F4FA4-801C-4DA0-989E-A0CD0188CF63}
	EndProjectSection
EndProject
Project("{8BC9CEB8-8B4A-11D0-8D11-00A0C91BC942}") = "a5.LocalCubemaps", "a5.LocalCubemaps\a5.LocalCubemaps.vcxproj", "{ED0BA816-DFE5-4FFD-A8A0-6916583E2DEB}"
	ProjectSection(ProjectDependencies) = postProject
		{6C9F4FA4-801C-4DA0-989E-A0CD0188CF63} = {6C9F4FA4-801C-4DA0-989E-A0CD0188CF63}
	EndProjectSection
EndProject
Project("{8BC9CEB8-8B4A-11D0-8D11-00A0C91BC942}") = "a6.Deferred", "a6.Deferred\a6.Deferred.vcxproj", "{057B0A74-4B0F-448C-B974-46BF3AF71C16}"
	ProjectSection(ProjectDependencies) = postProject
		{6C9F4FA4-801C-4DA0-989E-A0CD0188CF63} = {6C9F4FA4-801C-4DA0-989E-A0CD0188CF63}
	EndProjectSection
EndProject
Project("{8BC9CEB8-8B4A-11D0-8D11-00A0C91BC942}") = "a7.SSAO", "a7.SSAO\a7.SSAO.vcxproj", "{1CF5680D-BC3D-42AE-A27D-5E9272D70094}"
EndProject
Project("{8BC9CEB8-8B4A-11D0-8D11-00A0C91BC942}") = "a8.Particles", "a8.Particles\a8.Particles.vcxproj", "{620DB3A3-D4F8-4C19-AFC9-5EBA234CA034}"
	ProjectSection(ProjectDependencies) = postProject
		{D29D006A-1FC8-4000-944C-4699CD6F5107} = {D29D006A-1FC8-4000-944C-4699CD6F5107}
		{DD7FB18E-EF21-3FB6-81F6-7CA6E804F106} = {DD7FB18E-EF21-3FB6-81F6-7CA6E804F106}
		{E26B6DA3-110F-30F0-BD05-250B160DC7CB} = {E26B6DA3-110F-30F0-BD05-250B160DC7CB}
		{6C9F4FA4-801C-4DA0-989E-A0CD0188CF63} = {6C9F4FA4-801C-4DA0-989E-A0CD0188CF63}
		{FC37C4F9-286B-3AF1-97DD-85D587A7EE83} = {FC37C4F9-286B-3AF1-97DD-85D587A7EE83}
	EndProjectSection
EndProject
Global
	GlobalSection(SolutionConfigurationPlatforms) = preSolution
		Debug|x64 = Debug|x64
		Profile|x64 = Profile|x64
		Release|x64 = Release|x64
		Ship|x64 = Ship|x64
	EndGlobalSection
	GlobalSection(ProjectConfigurationPlatforms) = postSolution
		{631A7441-1F0B-43F2-9139-70BDFD3494CF}.Debug|x64.ActiveCfg = Debug|x64
		{631A7441-1F0B-43F2-9139-70BDFD3494CF}.Debug|x64.Build.0 = Debug|x64
		{631A7441-1F0B-43F2-9139-70BDFD3494CF}.Profile|x64.ActiveCfg = Profile|x64
		{631A7441-1F0B-43F2-9139-70BDFD3494CF}.Profile|x64.Build.0 = Profile|x64
		{631A7441-1F0B-43F2-9139-70BDFD3494CF}.Release|x64.ActiveCfg = Release|x64
		{631A7441-1F0B-43F2-9139-70BDFD3494CF}.Release|x64.Build.0 = Release|x64
		{631A7441-1F0B-43F2-9139-70BDFD3494CF}.Ship|x64.ActiveCfg = Ship|x64
		{631A7441-1F0B-43F2-9139-70BDFD3494CF}.Ship|x64.Build.0 = Ship|x64
		{6C9F4FA4-801C-4DA0-989E-A0CD0188CF63}.Debug|x64.ActiveCfg = DebugDLL|x64
		{6C9F4FA4-801C-4DA0-989E-A0CD0188CF63}.Debug|x64.Build.0 = DebugDLL|x64
		{6C9F4FA4-801C-4DA0-989E-A0CD0188CF63}.Profile|x64.ActiveCfg = ProfileDLL|x64
		{6C9F4FA4-801C-4DA0-989E-A0CD0188CF63}.Profile|x64.Build.0 = ProfileDLL|x64
		{6C9F4FA4-801C-4DA0-989E-A0CD0188CF63}.Release|x64.ActiveCfg = ReleaseDLL|x64
		{6C9F4FA4-801C-4DA0-989E-A0CD0188CF63}.Release|x64.Build.0 = ReleaseDLL|x64
		{6C9F4FA4-801C-4DA0-989E-A0CD0188CF63}.Ship|x64.ActiveCfg = ShipDLL|x64
		{6C9F4FA4-801C-4DA0-989E-A0CD0188CF63}.Ship|x64.Build.0 = ShipDLL|x64
		{421FB052-FC1D-4B0B-9A4E-EF1C0AF08362}.Debug|x64.ActiveCfg = Debug|x64
		{421FB052-FC1D-4B0B-9A4E-EF1C0AF08362}.Debug|x64.Build.0 = Debug|x64
		{421FB052-FC1D-4B0B-9A4E-EF1C0AF08362}.Profile|x64.ActiveCfg = Profile|x64
		{421FB052-FC1D-4B0B-9A4E-EF1C0AF08362}.Profile|x64.Build.0 = Profile|x64
		{421FB052-FC1D-4B0B-9A4E-EF1C0AF08362}.Release|x64.ActiveCfg = Release|x64
		{421FB052-FC1D-4B0B-9A4E-EF1C0AF08362}.Release|x64.Build.0 = Release|x64
		{421FB052-FC1D-4B0B-9A4E-EF1C0AF08362}.Ship|x64.ActiveCfg = Ship|x64
		{421FB052-FC1D-4B0B-9A4E-EF1C0AF08362}.Ship|x64.Build.0 = Ship|x64
		{EDB55556-89B8-4C6B-8829-9580E61232F9}.Debug|x64.ActiveCfg = Debug|x64
		{EDB55556-89B8-4C6B-8829-9580E61232F9}.Debug|x64.Build.0 = Debug|x64
		{EDB55556-89B8-4C6B-8829-9580E61232F9}.Profile|x64.ActiveCfg = Profile|x64
		{EDB55556-89B8-4C6B-8829-9580E61232F9}.Profile|x64.Build.0 = Profile|x64
		{EDB55556-89B8-4C6B-8829-9580E61232F9}.Release|x64.ActiveCfg = Release|x64
		{EDB55556-89B8-4C6B-8829-9580E61232F9}.Release|x64.Build.0 = Release|x64
		{EDB55556-89B8-4C6B-8829-9580E61232F9}.Ship|x64.ActiveCfg = Ship|x64
		{EDB55556-89B8-4C6B-8829-9580E61232F9}.Ship|x64.Build.0 = Ship|x64
		{781AB246-8287-40C1-BD8E-0130B0B929F1}.Debug|x64.ActiveCfg = Debug|x64
		{781AB246-8287-40C1-BD8E-0130B0B929F1}.Debug|x64.Build.0 = Debug|x64
		{781AB246-8287-40C1-BD8E-0130B0B929F1}.Profile|x64.ActiveCfg = Profile|x64
		{781AB246-8287-40C1-BD8E-0130B0B929F1}.Profile|x64.Build.0 = Profile|x64
		{781AB246-8287-40C1-BD8E-0130B0B929F1}.Release|x64.ActiveCfg = Release|x64
		{781AB246-8287-40C1-BD8E-0130B0B929F1}.Release|x64.Build.0 = Release|x64
		{781AB246-8287-40C1-BD8E-0130B0B929F1}.Ship|x64.ActiveCfg = Ship|x64
		{781AB246-8287-40C1-BD8E-0130B0B929F1}.Ship|x64.Build.0 = Ship|x64
		{F3901102-A9DE-4A21-A9C0-CA6F7DB62C3B}.Debug|x64.ActiveCfg = Debug|x64
		{F3901102-A9DE-4A21-A9C0-CA6F7DB62C3B}.Debug|x64.Build.0 = Debug|x64
		{F3901102-A9DE-4A21-A9C0-CA6F7DB62C3B}.Profile|x64.ActiveCfg = Profile|x64
		{F3901102-A9DE-4A21-A9C0-CA6F7DB62C3B}.Profile|x64.Build.0 = Profile|x64
		{F3901102-A9DE-4A21-A9C0-CA6F7DB62C3B}.Release|x64.ActiveCfg = Release|x64
		{F3901102-A9DE-4A21-A9C0-CA6F7DB62C3B}.Release|x64.Build.0 = Release|x64
		{F3901102-A9DE-4A21-A9C0-CA6F7DB62C3B}.Ship|x64.ActiveCfg = Ship|x64
		{F3901102-A9DE-4A21-A9C0-CA6F7DB62C3B}.Ship|x64.Build.0 = Ship|x64
		{E26B6DA3-110F-30F0-BD05-250B160DC7CB}.Debug|x64.ActiveCfg = Debug|x64
		{E26B6DA3-110F-30F0-BD05-250B160DC7CB}.Debug|x64.Build.0 = Debug|x64
		{E26B6DA3-110F-30F0-BD05-250B160DC7CB}.Profile|x64.ActiveCfg = Profile|x64
		{E26B6DA3-110F-30F0-BD05-250B160DC7CB}.Profile|x64.Build.0 = Profile|x64
		{E26B6DA3-110F-30F0-BD05-250B160DC7CB}.Release|x64.ActiveCfg = Release|x64
		{E26B6DA3-110F-30F0-BD05-250B160DC7CB}.Release|x64.Build.0 = Release|x64
		{E26B6DA3-110F-30F0-BD05-250B160DC7CB}.Ship|x64.ActiveCfg = Ship|x64
		{E26B6DA3-110F-30F0-BD05-250B160DC7CB}.Ship|x64.Build.0 = Ship|x64
		{FC37C4F9-286B-3AF1-97DD-85D587A7EE83}.Debug|x64.ActiveCfg = Debug|x64
		{FC37C4F9-286B-3AF1-97DD-85D587A7EE83}.Debug|x64.Build.0 = Debug|x64
		{FC37C4F9-286B-3AF1-97DD-85D587A7EE83}.Profile|x64.ActiveCfg = Profile|x64
		{FC37C4F9-286B-3AF1-97DD-85D587A7EE83}.Profile|x64.Build.0 = Profile|x64
		{FC37C4F9-286B-3AF1-97DD-85D587A7EE83}.Release|x64.ActiveCfg = Release|x64
		{FC37C4F9-286B-3AF1-97DD-85D587A7EE83}.Release|x64.Build.0 = Release|x64
		{FC37C4F9-286B-3AF1-97DD-85D587A7EE83}.Ship|x64.ActiveCfg = Ship|x64
		{FC37C4F9-286B-3AF1-97DD-85D587A7EE83}.Ship|x64.Build.0 = Ship|x64
		{683B6D6C-2526-4DE2-96DE-F1B4C8922AAE}.Debug|x64.ActiveCfg = Debug|x64
		{683B6D6C-2526-4DE2-96DE-F1B4C8922AAE}.Debug|x64.Build.0 = Debug|x64
		{683B6D6C-2526-4DE2-96DE-F1B4C8922AAE}.Profile|x64.ActiveCfg = Profile|x64
		{683B6D6C-2526-4DE2-96DE-F1B4C8922AAE}.Profile|x64.Build.0 = Profile|x64
		{683B6D6C-2526-4DE2-96DE-F1B4C8922AAE}.Release|x64.ActiveCfg = Release|x64
		{683B6D6C-2526-4DE2-96DE-F1B4C8922AAE}.Release|x64.Build.0 = Release|x64
		{683B6D6C-2526-4DE2-96DE-F1B4C8922AAE}.Ship|x64.ActiveCfg = Ship|x64
		{683B6D6C-2526-4DE2-96DE-F1B4C8922AAE}.Ship|x64.Build.0 = Ship|x64
		{A9DED926-D885-40B8-9DAE-B8B3EC4235D9}.Debug|x64.ActiveCfg = Debug|x64
		{A9DED926-D885-40B8-9DAE-B8B3EC4235D9}.Debug|x64.Build.0 = Debug|x64
		{A9DED926-D885-40B8-9DAE-B8B3EC4235D9}.Profile|x64.ActiveCfg = Profile|x64
		{A9DED926-D885-40B8-9DAE-B8B3EC4235D9}.Profile|x64.Build.0 = Profile|x64
		{A9DED926-D885-40B8-9DAE-B8B3EC4235D9}.Release|x64.ActiveCfg = Release|x64
		{A9DED926-D885-40B8-9DAE-B8B3EC4235D9}.Release|x64.Build.0 = Release|x64
		{A9DED926-D885-40B8-9DAE-B8B3EC4235D9}.Ship|x64.ActiveCfg = Ship|x64
		{A9DED926-D885-40B8-9DAE-B8B3EC4235D9}.Ship|x64.Build.0 = Ship|x64
		{DD7FB18E-EF21-3FB6-81F6-7CA6E804F106}.Debug|x64.ActiveCfg = Debug|x64
		{DD7FB18E-EF21-3FB6-81F6-7CA6E804F106}.Debug|x64.Build.0 = Debug|x64
		{DD7FB18E-EF21-3FB6-81F6-7CA6E804F106}.Profile|x64.ActiveCfg = Profile|x64
		{DD7FB18E-EF21-3FB6-81F6-7CA6E804F106}.Profile|x64.Build.0 = Profile|x64
		{DD7FB18E-EF21-3FB6-81F6-7CA6E804F106}.Release|x64.ActiveCfg = Release|x64
		{DD7FB18E-EF21-3FB6-81F6-7CA6E804F106}.Release|x64.Build.0 = Release|x64
		{DD7FB18E-EF21-3FB6-81F6-7CA6E804F106}.Ship|x64.ActiveCfg = Ship|x64
		{DD7FB18E-EF21-3FB6-81F6-7CA6E804F106}.Ship|x64.Build.0 = Ship|x64
		{FF3196A0-747B-4A31-A6BC-FA7ED5F202F9}.Debug|x64.ActiveCfg = Debug|x64
		{FF3196A0-747B-4A31-A6BC-FA7ED5F202F9}.Debug|x64.Build.0 = Debug|x64
		{FF3196A0-747B-4A31-A6BC-FA7ED5F202F9}.Profile|x64.ActiveCfg = Profile|x64
		{FF3196A0-747B-4A31-A6BC-FA7ED5F202F9}.Profile|x64.Build.0 = Profile|x64
		{FF3196A0-747B-4A31-A6BC-FA7ED5F202F9}.Release|x64.ActiveCfg = Release|x64
		{FF3196A0-747B-4A31-A6BC-FA7ED5F202F9}.Release|x64.Build.0 = Release|x64
		{FF3196A0-747B-4A31-A6BC-FA7ED5F202F9}.Ship|x64.ActiveCfg = Ship|x64
		{FF3196A0-747B-4A31-A6BC-FA7ED5F202F9}.Ship|x64.Build.0 = Ship|x64
		{89A8EABD-CE1E-4FF4-924E-89CFF6AD0BD0}.Debug|x64.ActiveCfg = Debug|x64
		{89A8EABD-CE1E-4FF4-924E-89CFF6AD0BD0}.Debug|x64.Build.0 = Debug|x64
		{89A8EABD-CE1E-4FF4-924E-89CFF6AD0BD0}.Profile|x64.ActiveCfg = Profile|x64
		{89A8EABD-CE1E-4FF4-924E-89CFF6AD0BD0}.Profile|x64.Build.0 = Profile|x64
		{89A8EABD-CE1E-4FF4-924E-89CFF6AD0BD0}.Release|x64.ActiveCfg = Release|x64
		{89A8EABD-CE1E-4FF4-924E-89CFF6AD0BD0}.Release|x64.Build.0 = Release|x64
		{89A8EABD-CE1E-4FF4-924E-89CFF6AD0BD0}.Ship|x64.ActiveCfg = Ship|x64
		{89A8EABD-CE1E-4FF4-924E-89CFF6AD0BD0}.Ship|x64.Build.0 = Ship|x64
		{0EA96D73-CF08-489D-8BDE-CDC32FD8554B}.Debug|x64.ActiveCfg = Debug|x64
		{0EA96D73-CF08-489D-8BDE-CDC32FD8554B}.Debug|x64.Build.0 = Debug|x64
		{0EA96D73-CF08-489D-8BDE-CDC32FD8554B}.Profile|x64.ActiveCfg = Profile|x64
		{0EA96D73-CF08-489D-8BDE-CDC32FD8554B}.Profile|x64.Build.0 = Profile|x64
		{0EA96D73-CF08-489D-8BDE-CDC32FD8554B}.Release|x64.ActiveCfg = Release|x64
		{0EA96D73-CF08-489D-8BDE-CDC32FD8554B}.Release|x64.Build.0 = Release|x64
		{0EA96D73-CF08-489D-8BDE-CDC32FD8554B}.Ship|x64.ActiveCfg = Ship|x64
		{0EA96D73-CF08-489D-8BDE-CDC32FD8554B}.Ship|x64.Build.0 = Ship|x64
		{D29D006A-1FC8-4000-944C-4699CD6F5107}.Debug|x64.ActiveCfg = Debug|x64
		{D29D006A-1FC8-4000-944C-4699CD6F5107}.Debug|x64.Build.0 = Debug|x64
		{D29D006A-1FC8-4000-944C-4699CD6F5107}.Profile|x64.ActiveCfg = Profile|x64
		{D29D006A-1FC8-4000-944C-4699CD6F5107}.Profile|x64.Build.0 = Profile|x64
		{D29D006A-1FC8-4000-944C-4699CD6F5107}.Release|x64.ActiveCfg = Release|x64
		{D29D006A-1FC8-4000-944C-4699CD6F5107}.Release|x64.Build.0 = Release|x64
		{D29D006A-1FC8-4000-944C-4699CD6F5107}.Ship|x64.ActiveCfg = Ship|x64
		{D29D006A-1FC8-4000-944C-4699CD6F5107}.Ship|x64.Build.0 = Ship|x64
		{C091A00B-2EE1-429D-B883-F5AF32C936EE}.Debug|x64.ActiveCfg = Debug|x64
		{C091A00B-2EE1-429D-B883-F5AF32C936EE}.Debug|x64.Build.0 = Debug|x64
		{C091A00B-2EE1-429D-B883-F5AF32C936EE}.Profile|x64.ActiveCfg = Profile|x64
		{C091A00B-2EE1-429D-B883-F5AF32C936EE}.Profile|x64.Build.0 = Profile|x64
		{C091A00B-2EE1-429D-B883-F5AF32C936EE}.Release|x64.ActiveCfg = Release|x64
		{C091A00B-2EE1-429D-B883-F5AF32C936EE}.Release|x64.Build.0 = Release|x64
		{C091A00B-2EE1-429D-B883-F5AF32C936EE}.Ship|x64.ActiveCfg = Ship|x64
		{C091A00B-2EE1-429D-B883-F5AF32C936EE}.Ship|x64.Build.0 = Ship|x64
		{DE20E620-23CC-4780-8AFC-61518A56DCF5}.Debug|x64.ActiveCfg = Debug|x64
		{DE20E620-23CC-4780-8AFC-61518A56DCF5}.Debug|x64.Build.0 = Debug|x64
		{DE20E620-23CC-4780-8AFC-61518A56DCF5}.Profile|x64.ActiveCfg = Profile|x64
		{DE20E620-23CC-4780-8AFC-61518A56DCF5}.Profile|x64.Build.0 = Profile|x64
		{DE20E620-23CC-4780-8AFC-61518A56DCF5}.Release|x64.ActiveCfg = Release|x64
		{DE20E620-23CC-4780-8AFC-61518A56DCF5}.Release|x64.Build.0 = Release|x64
		{DE20E620-23CC-4780-8AFC-61518A56DCF5}.Ship|x64.ActiveCfg = Ship|x64
		{DE20E620-23CC-4780-8AFC-61518A56DCF5}.Ship|x64.Build.0 = Ship|x64
		{ED0BA816-DFE5-4FFD-A8A0-6916583E2DEB}.Debug|x64.ActiveCfg = Debug|x64
		{ED0BA816-DFE5-4FFD-A8A0-6916583E2DEB}.Debug|x64.Build.0 = Debug|x64
		{ED0BA816-DFE5-4FFD-A8A0-6916583E2DEB}.Profile|x64.ActiveCfg = Profile|x64
		{ED0BA816-DFE5-4FFD-A8A0-6916583E2DEB}.Profile|x64.Build.0 = Profile|x64
		{ED0BA816-DFE5-4FFD-A8A0-6916583E2DEB}.Release|x64.ActiveCfg = Release|x64
		{ED0BA816-DFE5-4FFD-A8A0-6916583E2DEB}.Release|x64.Build.0 = Release|x64
		{ED0BA816-DFE5-4FFD-A8A0-6916583E2DEB}.Ship|x64.ActiveCfg = Ship|x64
		{ED0BA816-DFE5-4FFD-A8A0-6916583E2DEB}.Ship|x64.Build.0 = Ship|x64
		{057B0A74-4B0F-448C-B974-46BF3AF71C16}.Debug|x64.ActiveCfg = Debug|x64
		{057B0A74-4B0F-448C-B974-46BF3AF71C16}.Debug|x64.Build.0 = Debug|x64
		{057B0A74-4B0F-448C-B974-46BF3AF71C16}.Profile|x64.ActiveCfg = Profile|x64
		{057B0A74-4B0F-448C-B974-46BF3AF71C16}.Profile|x64.Build.0 = Profile|x64
		{057B0A74-4B0F-448C-B974-46BF3AF71C16}.Release|x64.ActiveCfg = Release|x64
		{057B0A74-4B0F-448C-B974-46BF3AF71C16}.Release|x64.Build.0 = Release|x64
		{057B0A74-4B0F-448C-B974-46BF3AF71C16}.Ship|x64.ActiveCfg = Ship|x64
		{057B0A74-4B0F-448C-B974-46BF3AF71C16}.Ship|x64.Build.0 = Ship|x64
		{1CF5680D-BC3D-42AE-A27D-5E9272D70094}.Debug|x64.ActiveCfg = Debug|x64
		{1CF5680D-BC3D-42AE-A27D-5E9272D70094}.Debug|x64.Build.0 = Debug|x64
		{1CF5680D-BC3D-42AE-A27D-5E9272D70094}.Profile|x64.ActiveCfg = Profile|x64
		{1CF5680D-BC3D-42AE-A27D-5E9272D70094}.Profile|x64.Build.0 = Profile|x64
		{1CF5680D-BC3D-42AE-A27D-5E9272D70094}.Release|x64.ActiveCfg = Release|x64
		{1CF5680D-BC3D-42AE-A27D-5E9272D70094}.Release|x64.Build.0 = Release|x64
		{1CF5680D-BC3D-42AE-A27D-5E9272D70094}.Ship|x64.ActiveCfg = Ship|x64
		{1CF5680D-BC3D-42AE-A27D-5E9272D70094}.Ship|x64.Build.0 = Ship|x64
		{620DB3A3-D4F8-4C19-AFC9-5EBA234CA034}.Debug|x64.ActiveCfg = Debug|x64
		{620DB3A3-D4F8-4C19-AFC9-5EBA234CA034}.Debug|x64.Build.0 = Debug|x64
		{620DB3A3-D4F8-4C19-AFC9-5EBA234CA034}.Profile|x64.ActiveCfg = Profile|x64
		{620DB3A3-D4F8-4C19-AFC9-5EBA234CA034}.Profile|x64.Build.0 = Profile|x64
		{620DB3A3-D4F8-4C19-AFC9-5EBA234CA034}.Release|x64.ActiveCfg = Release|x64
		{620DB3A3-D4F8-4C19-AFC9-5EBA234CA034}.Release|x64.Build.0 = Release|x64
		{620DB3A3-D4F8-4C19-AFC9-5EBA234CA034}.Ship|x64.ActiveCfg = Ship|x64
		{620DB3A3-D4F8-4C19-AFC9-5EBA234CA034}.Ship|x64.Build.0 = Ship|x64
	EndGlobalSection
	GlobalSection(SolutionProperties) = preSolution
		HideSolutionNode = FALSE
	EndGlobalSection
	GlobalSection(NestedProjects) = preSolution
		{E26B6DA3-110F-30F0-BD05-250B160DC7CB} = {8392D960-0DD3-4AE8-AD5D-8D3192589647}
		{FC37C4F9-286B-3AF1-97DD-85D587A7EE83} = {8392D960-0DD3-4AE8-AD5D-8D3192589647}
		{DD7FB18E-EF21-3FB6-81F6-7CA6E804F106} = {8392D960-0DD3-4AE8-AD5D-8D3192589647}
		{D29D006A-1FC8-4000-944C-4699CD6F5107} = {8392D960-0DD3-4AE8-AD5D-8D3192589647}
	EndGlobalSection
	GlobalSection(ExtensibilityGlobals) = postSolution
		SolutionGuid = {E430CC8A-F0ED-4BBA-ABF1-978E552A41B6}
	EndGlobalSection
EndGlobal
